
Microsoft Visual Studio Solution File, Format Version 10.00
# Visual Studio 2008
Project("{8BC9CEB8-8B4A-11D0-8D11-00A0C91BC942}") = "SaferbytesAppContainer", "SaferbytesAppContainer.vcproj", "{065CE64C-E36E-4097-9CF6-F97CAF864DDA}"
EndProject
Global
	GlobalSection(SolutionConfigurationPlatforms) = preSolution
		Debug|Win32 = Debug|Win32
		Release|Win32 = Release|Win32
	EndGlobalSection
	GlobalSection(ProjectConfigurationPlatforms) = postSolution
		{065CE64C-E36E-4097-9CF6-F97CAF864DDA}.Debug|Win32.ActiveCfg = Debug|Win32
		{065CE64C-E36E-4097-9CF6-F97CAF864DDA}.Debug|Win32.Build.0 = Debug|Win32
		{065CE64C-E36E-4097-9CF6-F97CAF864DDA}.Release|Win32.ActiveCfg = Release|Win32
		{065CE64C-E36E-4097-9CF6-F97CAF864DDA}.Release|Win32.Build.0 = Release|Win32
	EndGlobalSection
	GlobalSection(SolutionProperties) = preSolution
		HideSolutionNode = FALSE
	EndGlobalSection
EndGlobal
